
Microsoft Visual Studio Solution File, Format Version 12.00
# Visual Studio Version 16
VisualStudioVersion = 16.0.29709.97
MinimumVisualStudioVersion = 10.0.40219.1
Project("{F184B08F-C81C-45F6-A57F-5ABD9991F28F}") = "SpeedTest", "src\SpeedTest.vbproj", "{534A6F5A-24ED-486C-B64B-6CB41642A421}"
EndProject
Project("{F184B08F-C81C-45F6-A57F-5ABD9991F28F}") = "SpeedTest.UnitTests", "tests\SpeedTest.UnitTests\SpeedTest.UnitTests.vbproj", "{433F40F8-02FD-4FA2-8AEA-FCF94169EA7E}"
EndProject
Global
	GlobalSection(SolutionConfigurationPlatforms) = preSolution
		Debug|Any CPU = Debug|Any CPU
		Release|Any CPU = Release|Any CPU
	EndGlobalSection
	GlobalSection(ProjectConfigurationPlatforms) = postSolution
		{534A6F5A-24ED-486C-B64B-6CB41642A421}.Debug|Any CPU.ActiveCfg = Debug|Any CPU
		{534A6F5A-24ED-486C-B64B-6CB41642A421}.Debug|Any CPU.Build.0 = Debug|Any CPU
		{534A6F5A-24ED-486C-B64B-6CB41642A421}.Release|Any CPU.ActiveCfg = Release|Any CPU
		{534A6F5A-24ED-486C-B64B-6CB41642A421}.Release|Any CPU.Build.0 = Release|Any CPU
		{433F40F8-02FD-4FA2-8AEA-FCF94169EA7E}.Debug|Any CPU.ActiveCfg = Debug|Any CPU
		{433F40F8-02FD-4FA2-8AEA-FCF94169EA7E}.Debug|Any CPU.Build.0 = Debug|Any CPU
		{433F40F8-02FD-4FA2-8AEA-FCF94169EA7E}.Release|Any CPU.ActiveCfg = Release|Any CPU
		{433F40F8-02FD-4FA2-8AEA-FCF94169EA7E}.Release|Any CPU.Build.0 = Release|Any CPU
	EndGlobalSection
	GlobalSection(SolutionProperties) = preSolution
		HideSolutionNode = FALSE
	EndGlobalSection
	GlobalSection(ExtensibilityGlobals) = postSolution
		SolutionGuid = {6948FB92-84B8-48E5-851D-45BF0080AED8}
	EndGlobalSection
EndGlobal
